
Microsoft Visual Studio Solution File, Format Version 12.00
# Visual Studio Version 17
VisualStudioVersion = 17.9.34622.214
MinimumVisualStudioVersion = 10.0.40219.1
Project("{9A19103F-16F7-4668-BE54-9A1E7A4F7556}") = "LibraryProject", "LibraryProject.csproj", "{E267C426-AFB4-4FBE-9B1D-0306D0A535E6}"
EndProject
Global
	GlobalSection(SolutionConfigurationPlatforms) = preSolution
		Debug|Any CPU = Debug|Any CPU
		Release|Any CPU = Release|Any CPU
	EndGlobalSection
	GlobalSection(ProjectConfigurationPlatforms) = postSolution
		{E267C426-AFB4-4FBE-9B1D-0306D0A535E6}.Debug|Any CPU.ActiveCfg = Debug|Any CPU
		{E267C426-AFB4-4FBE-9B1D-0306D0A535E6}.Debug|Any CPU.Build.0 = Debug|Any CPU
		{E267C426-AFB4-4FBE-9B1D-0306D0A535E6}.Release|Any CPU.ActiveCfg = Release|Any CPU
		{E267C426-AFB4-4FBE-9B1D-0306D0A535E6}.Release|Any CPU.Build.0 = Release|Any CPU
	EndGlobalSection
	GlobalSection(SolutionProperties) = preSolution
		HideSolutionNode = FALSE
	EndGlobalSection
	GlobalSection(ExtensibilityGlobals) = postSolution
		SolutionGuid = {15237685-A184-4880-94F7-4D4E8D0ED21E}
	EndGlobalSection
EndGlobal
